
Microsoft Visual Studio Solution File, Format Version 12.00
# Visual Studio 14
VisualStudioVersion = 14.0.25420.1
MinimumVisualStudioVersion = 10.0.40219.1
Project("{FAE04EC0-301F-11D3-BF4B-00C04F79EFBC}") = "Framework", "Framework\Framework.csproj", "{47701933-298C-4AEE-B380-23ADD856F498}"
EndProject
Project("{2150E333-8FDC-42A3-9474-1A3956D46DE8}") = "Solution Items", "Solution Items", "{FFD949F1-B575-42CE-98D1-FF575391CC01}"
	ProjectSection(SolutionItems) = preProject
		EcolabTCD.testsettings = EcolabTCD.testsettings
	EndProjectSection
EndProject
Project("{2150E333-8FDC-42A3-9474-1A3956D46DE8}") = "WebDriver", "WebDriver", "{D4D50E4F-BA7C-4A64-A536-DD83B06BF590}"
EndProject
Project("{FAE04EC0-301F-11D3-BF4B-00C04F79EFBC}") = "UIAccess", "UIAccess\UIAccess.csproj", "{CB9C9574-D09A-4BCE-B50E-C3A662BC0EC9}"
	ProjectSection(ProjectDependencies) = postProject
		{27E98EAA-4AAF-4911-842B-688B21A76F14} = {27E98EAA-4AAF-4911-842B-688B21A76F14}
	EndProjectSection
EndProject
Project("{FAE04EC0-301F-11D3-BF4B-00C04F79EFBC}") = "TestApp", "TestApp\TestApp.csproj", "{A2E671B3-8015-43FC-A440-30B7FE494A49}"
	ProjectSection(ProjectDependencies) = postProject
		{97BB256B-7F07-4C4F-B631-B44795396A88} = {97BB256B-7F07-4C4F-B631-B44795396A88}
		{A0E95393-2BC8-465E-B42A-9CC0D179ECB0} = {A0E95393-2BC8-465E-B42A-9CC0D179ECB0}
	EndProjectSection
EndProject
Project("{FAE04EC0-301F-11D3-BF4B-00C04F79EFBC}") = "WebDriverWrapper", "WebDriverWrapper\WebDriverWrapper.csproj", "{27E98EAA-4AAF-4911-842B-688B21A76F14}"
EndProject
Project("{FAE04EC0-301F-11D3-BF4B-00C04F79EFBC}") = "AuScGen.CommonUtilityPlugin", "AuScGen.CommonUtilityPlugin\AuScGen.CommonUtilityPlugin.csproj", "{A0E95393-2BC8-465E-B42A-9CC0D179ECB0}"
	ProjectSection(ProjectDependencies) = postProject
		{47701933-298C-4AEE-B380-23ADD856F498} = {47701933-298C-4AEE-B380-23ADD856F498}
		{6C682C61-F18F-4C86-94E2-C3FFE9BF14F5} = {6C682C61-F18F-4C86-94E2-C3FFE9BF14F5}
		{CB9C9574-D09A-4BCE-B50E-C3A662BC0EC9} = {CB9C9574-D09A-4BCE-B50E-C3A662BC0EC9}
		{27E98EAA-4AAF-4911-842B-688B21A76F14} = {27E98EAA-4AAF-4911-842B-688B21A76F14}
	EndProjectSection
EndProject
Project("{FAE04EC0-301F-11D3-BF4B-00C04F79EFBC}") = "AuScGen.TelerikPlugin", "AuScGen.TelerikPlugin\AuScGen.TelerikPlugin.csproj", "{6C682C61-F18F-4C86-94E2-C3FFE9BF14F5}"
	ProjectSection(ProjectDependencies) = postProject
		{47701933-298C-4AEE-B380-23ADD856F498} = {47701933-298C-4AEE-B380-23ADD856F498}
	EndProjectSection
EndProject
Project("{FAE04EC0-301F-11D3-BF4B-00C04F79EFBC}") = "AuScGen.HTMLReport", "AuScGen.HTMLReport\AuScGen.HTMLReport.csproj", "{CCC5A987-4244-456E-916E-D02839A5B2FB}"
	ProjectSection(ProjectDependencies) = postProject
		{91FB49AA-7895-4B75-9119-06AFE2502DC4} = {91FB49AA-7895-4B75-9119-06AFE2502DC4}
	EndProjectSection
EndProject
Project("{FAE04EC0-301F-11D3-BF4B-00C04F79EFBC}") = "AuScGen.Pages", "AuScGen.Pages\AuScGen.Pages.csproj", "{F9A4EEB0-DD7F-47F6-8BD3-EEB5F113C6A7}"
	ProjectSection(ProjectDependencies) = postProject
		{47701933-298C-4AEE-B380-23ADD856F498} = {47701933-298C-4AEE-B380-23ADD856F498}
		{6C682C61-F18F-4C86-94E2-C3FFE9BF14F5} = {6C682C61-F18F-4C86-94E2-C3FFE9BF14F5}
		{A0E95393-2BC8-465E-B42A-9CC0D179ECB0} = {A0E95393-2BC8-465E-B42A-9CC0D179ECB0}
	EndProjectSection
EndProject
Project("{FAE04EC0-301F-11D3-BF4B-00C04F79EFBC}") = "AuScGen.FunctionalTest", "AuScGen.FunctionalTest\AuScGen.FunctionalTest.csproj", "{97BB256B-7F07-4C4F-B631-B44795396A88}"
	ProjectSection(ProjectDependencies) = postProject
		{47701933-298C-4AEE-B380-23ADD856F498} = {47701933-298C-4AEE-B380-23ADD856F498}
		{6C682C61-F18F-4C86-94E2-C3FFE9BF14F5} = {6C682C61-F18F-4C86-94E2-C3FFE9BF14F5}
		{A0E95393-2BC8-465E-B42A-9CC0D179ECB0} = {A0E95393-2BC8-465E-B42A-9CC0D179ECB0}
		{91FB49AA-7895-4B75-9119-06AFE2502DC4} = {91FB49AA-7895-4B75-9119-06AFE2502DC4}
		{F9A4EEB0-DD7F-47F6-8BD3-EEB5F113C6A7} = {F9A4EEB0-DD7F-47F6-8BD3-EEB5F113C6A7}
	EndProjectSection
EndProject
Project("{FAE04EC0-301F-11D3-BF4B-00C04F79EFBC}") = "AuScGen.PDFOperation", "AuScGen.PDFOperation\AuScGen.PDFOperation.csproj", "{C34A21CF-B363-4998-A4AD-CA59CF6A7D76}"
	ProjectSection(ProjectDependencies) = postProject
		{47701933-298C-4AEE-B380-23ADD856F498} = {47701933-298C-4AEE-B380-23ADD856F498}
	EndProjectSection
EndProject
Project("{FAE04EC0-301F-11D3-BF4B-00C04F79EFBC}") = "AuScGen.WhiteFramework", "AuScGen.WhitePlugin\AuScGen.WhiteFramework.csproj", "{A75C3C47-6B10-4A66-A9B8-7B015D231F9F}"
	ProjectSection(ProjectDependencies) = postProject
		{47701933-298C-4AEE-B380-23ADD856F498} = {47701933-298C-4AEE-B380-23ADD856F498}
	EndProjectSection
EndProject
Project("{FAE04EC0-301F-11D3-BF4B-00C04F79EFBC}") = "AuScGen.ERT.PDFSplit", "AuScGen.ERT.PDFSplit\AuScGen.ERT.PDFSplit.csproj", "{DD65185A-F457-4144-B5FC-F058C7B5D44E}"
EndProject
Project("{FAE04EC0-301F-11D3-BF4B-00C04F79EFBC}") = "AuScGen.Imaging", "AuScGen.Imaging\AuScGen.Imaging.csproj", "{6F9E06CC-2F0E-4580-9F18-7FD4DB38C2CE}"
EndProject
Project("{FAE04EC0-301F-11D3-BF4B-00C04F79EFBC}") = "ImageBlobTest", "ImageBlobTest\ImageBlobTest.csproj", "{439C2479-75CB-46B0-8095-23BF572BBB10}"
EndProject
Project("{FAE04EC0-301F-11D3-BF4B-00C04F79EFBC}") = "AuScGen.TestExecutionUtil", "AuScGen.TestExecutionUtil\AuScGen.TestExecutionUtil.csproj", "{91FB49AA-7895-4B75-9119-06AFE2502DC4}"
EndProject
Project("{2150E333-8FDC-42A3-9474-1A3956D46DE8}") = "TestApps", "TestApps", "{6811F5E3-1D5C-447A-A4B3-B6AA64A8F45D}"
EndProject
Project("{FAE04EC0-301F-11D3-BF4B-00C04F79EFBC}") = "TestReportCreation", "TestReportCreation\TestReportCreation.csproj", "{F93BC47A-DFBD-4574-867B-FA45E8F343FF}"
	ProjectSection(ProjectDependencies) = postProject
		{91FB49AA-7895-4B75-9119-06AFE2502DC4} = {91FB49AA-7895-4B75-9119-06AFE2502DC4}
	EndProjectSection
EndProject
Project("{FAE04EC0-301F-11D3-BF4B-00C04F79EFBC}") = "GoogleTestWithWebDriver", "GoogleTestWithWebDriver\GoogleTestWithWebDriver.csproj", "{F0C6E2D2-08D7-49E4-98B1-F2AF55529891}"
EndProject
Project("{FAE04EC0-301F-11D3-BF4B-00C04F79EFBC}") = "WhiteTestApp", "WhiteTestApp\WhiteTestApp.csproj", "{74FF23A1-A92B-46B1-B0CC-C46168D91E3A}"
EndProject
Project("{FAE04EC0-301F-11D3-BF4B-00C04F79EFBC}") = "AuScGen.SeleniumFixtureTest", "AuScGen.SeleniumFixtureTest\AuScGen.SeleniumFixtureTest.csproj", "{A1FCDDA9-C53B-4FF8-ACFE-21B3453F4666}"
EndProject
Project("{2150E333-8FDC-42A3-9474-1A3956D46DE8}") = "SeleniumFixtureTest", "SeleniumFixtureTest", "{B8E03ED7-750D-4798-9710-93538C20F42A}"
EndProject
Project("{FAE04EC0-301F-11D3-BF4B-00C04F79EFBC}") = "AuScGen.SeleniumTestPage", "AuScGen.SeleniumTestPage\AuScGen.SeleniumTestPage.csproj", "{C9AB1C14-961F-497E-A741-50621565559B}"
EndProject
Project("{FAE04EC0-301F-11D3-BF4B-00C04F79EFBC}") = "AuScGen.Web", "AuScGen.Web\AuScGen.Web.csproj", "{6BA31D62-59E7-4841-920E-DCF65999DB5C}"
EndProject
Project("{FAE04EC0-301F-11D3-BF4B-00C04F79EFBC}") = "PageClassGenerator", "PageClassGenerator\PageClassGenerator.csproj", "{F8518771-1BF6-41DA-93DC-02BCD55812B7}"
EndProject
Project("{FAE04EC0-301F-11D3-BF4B-00C04F79EFBC}") = "AuScGen.PageMethodGenerator", "AuScGen.PageMethodGenerator\AuScGen.PageMethodGenerator.csproj", "{6D7EBB38-7332-4757-906E-0B9E885A94C2}"
EndProject
Project("{FAE04EC0-301F-11D3-BF4B-00C04F79EFBC}") = "DataAccess", "DataAccess\DataAccess.csproj", "{2F53D1F7-77AF-4B8A-A57A-84C6551A93D0}"
EndProject
Project("{FAE04EC0-301F-11D3-BF4B-00C04F79EFBC}") = "AuScGen.Web.Tests", "AuScGen.Web.Tests\AuScGen.Web.Tests.csproj", "{A801AD8A-E1BF-4614-8565-99CF6082327A}"
EndProject
Global
	GlobalSection(SolutionConfigurationPlatforms) = preSolution
		Debug|Any CPU = Debug|Any CPU
		Debug|x64 = Debug|x64
		Debug|x86 = Debug|x86
		Release|Any CPU = Release|Any CPU
		Release|x64 = Release|x64
		Release|x86 = Release|x86
	EndGlobalSection
	GlobalSection(ProjectConfigurationPlatforms) = postSolution
		{47701933-298C-4AEE-B380-23ADD856F498}.Debug|Any CPU.ActiveCfg = Debug|Any CPU
		{47701933-298C-4AEE-B380-23ADD856F498}.Debug|Any CPU.Build.0 = Debug|Any CPU
		{47701933-298C-4AEE-B380-23ADD856F498}.Debug|x64.ActiveCfg = Debug|Any CPU
		{47701933-298C-4AEE-B380-23ADD856F498}.Debug|x86.ActiveCfg = Debug|Any CPU
		{47701933-298C-4AEE-B380-23ADD856F498}.Release|Any CPU.ActiveCfg = Release|Any CPU
		{47701933-298C-4AEE-B380-23ADD856F498}.Release|Any CPU.Build.0 = Release|Any CPU
		{47701933-298C-4AEE-B380-23ADD856F498}.Release|x64.ActiveCfg = Release|Any CPU
		{47701933-298C-4AEE-B380-23ADD856F498}.Release|x86.ActiveCfg = Release|Any CPU
		{CB9C9574-D09A-4BCE-B50E-C3A662BC0EC9}.Debug|Any CPU.ActiveCfg = Debug|Any CPU
		{CB9C9574-D09A-4BCE-B50E-C3A662BC0EC9}.Debug|Any CPU.Build.0 = Debug|Any CPU
		{CB9C9574-D09A-4BCE-B50E-C3A662BC0EC9}.Debug|x64.ActiveCfg = Debug|Any CPU
		{CB9C9574-D09A-4BCE-B50E-C3A662BC0EC9}.Debug|x86.ActiveCfg = Debug|Any CPU
		{CB9C9574-D09A-4BCE-B50E-C3A662BC0EC9}.Release|Any CPU.ActiveCfg = Release|Any CPU
		{CB9C9574-D09A-4BCE-B50E-C3A662BC0EC9}.Release|Any CPU.Build.0 = Release|Any CPU
		{CB9C9574-D09A-4BCE-B50E-C3A662BC0EC9}.Release|x64.ActiveCfg = Release|Any CPU
		{CB9C9574-D09A-4BCE-B50E-C3A662BC0EC9}.Release|x86.ActiveCfg = Release|Any CPU
		{A2E671B3-8015-43FC-A440-30B7FE494A49}.Debug|Any CPU.ActiveCfg = Debug|Any CPU
		{A2E671B3-8015-43FC-A440-30B7FE494A49}.Debug|Any CPU.Build.0 = Debug|Any CPU
		{A2E671B3-8015-43FC-A440-30B7FE494A49}.Debug|x64.ActiveCfg = Debug|Any CPU
		{A2E671B3-8015-43FC-A440-30B7FE494A49}.Debug|x86.ActiveCfg = Debug|Any CPU
		{A2E671B3-8015-43FC-A440-30B7FE494A49}.Release|Any CPU.ActiveCfg = Release|Any CPU
		{A2E671B3-8015-43FC-A440-30B7FE494A49}.Release|Any CPU.Build.0 = Release|Any CPU
		{A2E671B3-8015-43FC-A440-30B7FE494A49}.Release|x64.ActiveCfg = Release|Any CPU
		{A2E671B3-8015-43FC-A440-30B7FE494A49}.Release|x86.ActiveCfg = Release|Any CPU
		{27E98EAA-4AAF-4911-842B-688B21A76F14}.Debug|Any CPU.ActiveCfg = Debug|Any CPU
		{27E98EAA-4AAF-4911-842B-688B21A76F14}.Debug|Any CPU.Build.0 = Debug|Any CPU
		{27E98EAA-4AAF-4911-842B-688B21A76F14}.Debug|x64.ActiveCfg = Debug|Any CPU
		{27E98EAA-4AAF-4911-842B-688B21A76F14}.Debug|x86.ActiveCfg = Debug|Any CPU
		{27E98EAA-4AAF-4911-842B-688B21A76F14}.Release|Any CPU.ActiveCfg = Release|Any CPU
		{27E98EAA-4AAF-4911-842B-688B21A76F14}.Release|Any CPU.Build.0 = Release|Any CPU
		{27E98EAA-4AAF-4911-842B-688B21A76F14}.Release|x64.ActiveCfg = Release|Any CPU
		{27E98EAA-4AAF-4911-842B-688B21A76F14}.Release|x86.ActiveCfg = Release|Any CPU
		{A0E95393-2BC8-465E-B42A-9CC0D179ECB0}.Debug|Any CPU.ActiveCfg = Debug|Any CPU
		{A0E95393-2BC8-465E-B42A-9CC0D179ECB0}.Debug|Any CPU.Build.0 = Debug|Any CPU
		{A0E95393-2BC8-465E-B42A-9CC0D179ECB0}.Debug|x64.ActiveCfg = Debug|Any CPU
		{A0E95393-2BC8-465E-B42A-9CC0D179ECB0}.Debug|x86.ActiveCfg = Debug|Any CPU
		{A0E95393-2BC8-465E-B42A-9CC0D179ECB0}.Release|Any CPU.ActiveCfg = Release|Any CPU
		{A0E95393-2BC8-465E-B42A-9CC0D179ECB0}.Release|Any CPU.Build.0 = Release|Any CPU
		{A0E95393-2BC8-465E-B42A-9CC0D179ECB0}.Release|x64.ActiveCfg = Release|Any CPU
		{A0E95393-2BC8-465E-B42A-9CC0D179ECB0}.Release|x86.ActiveCfg = Release|Any CPU
		{6C682C61-F18F-4C86-94E2-C3FFE9BF14F5}.Debug|Any CPU.ActiveCfg = Debug|Any CPU
		{6C682C61-F18F-4C86-94E2-C3FFE9BF14F5}.Debug|Any CPU.Build.0 = Debug|Any CPU
		{6C682C61-F18F-4C86-94E2-C3FFE9BF14F5}.Debug|x64.ActiveCfg = Debug|Any CPU
		{6C682C61-F18F-4C86-94E2-C3FFE9BF14F5}.Debug|x86.ActiveCfg = Debug|Any CPU
		{6C682C61-F18F-4C86-94E2-C3FFE9BF14F5}.Release|Any CPU.ActiveCfg = Release|Any CPU
		{6C682C61-F18F-4C86-94E2-C3FFE9BF14F5}.Release|Any CPU.Build.0 = Release|Any CPU
		{6C682C61-F18F-4C86-94E2-C3FFE9BF14F5}.Release|x64.ActiveCfg = Release|Any CPU
		{6C682C61-F18F-4C86-94E2-C3FFE9BF14F5}.Release|x86.ActiveCfg = Release|Any CPU
		{CCC5A987-4244-456E-916E-D02839A5B2FB}.Debug|Any CPU.ActiveCfg = Debug|Any CPU
		{CCC5A987-4244-456E-916E-D02839A5B2FB}.Debug|Any CPU.Build.0 = Debug|Any CPU
		{CCC5A987-4244-456E-916E-D02839A5B2FB}.Debug|x64.ActiveCfg = Debug|Any CPU
		{CCC5A987-4244-456E-916E-D02839A5B2FB}.Debug|x86.ActiveCfg = Debug|Any CPU
		{CCC5A987-4244-456E-916E-D02839A5B2FB}.Release|Any CPU.ActiveCfg = Release|Any CPU
		{CCC5A987-4244-456E-916E-D02839A5B2FB}.Release|Any CPU.Build.0 = Release|Any CPU
		{CCC5A987-4244-456E-916E-D02839A5B2FB}.Release|x64.ActiveCfg = Release|Any CPU
		{CCC5A987-4244-456E-916E-D02839A5B2FB}.Release|x86.ActiveCfg = Release|Any CPU
		{F9A4EEB0-DD7F-47F6-8BD3-EEB5F113C6A7}.Debug|Any CPU.ActiveCfg = Debug|Any CPU
		{F9A4EEB0-DD7F-47F6-8BD3-EEB5F113C6A7}.Debug|Any CPU.Build.0 = Debug|Any CPU
		{F9A4EEB0-DD7F-47F6-8BD3-EEB5F113C6A7}.Debug|x64.ActiveCfg = Debug|Any CPU
		{F9A4EEB0-DD7F-47F6-8BD3-EEB5F113C6A7}.Debug|x86.ActiveCfg = Debug|Any CPU
		{F9A4EEB0-DD7F-47F6-8BD3-EEB5F113C6A7}.Release|Any CPU.ActiveCfg = Release|Any CPU
		{F9A4EEB0-DD7F-47F6-8BD3-EEB5F113C6A7}.Release|Any CPU.Build.0 = Release|Any CPU
		{F9A4EEB0-DD7F-47F6-8BD3-EEB5F113C6A7}.Release|x64.ActiveCfg = Release|Any CPU
		{F9A4EEB0-DD7F-47F6-8BD3-EEB5F113C6A7}.Release|x86.ActiveCfg = Release|Any CPU
		{97BB256B-7F07-4C4F-B631-B44795396A88}.Debug|Any CPU.ActiveCfg = Debug|Any CPU
		{97BB256B-7F07-4C4F-B631-B44795396A88}.Debug|Any CPU.Build.0 = Debug|Any CPU
		{97BB256B-7F07-4C4F-B631-B44795396A88}.Debug|x64.ActiveCfg = Debug|Any CPU
		{97BB256B-7F07-4C4F-B631-B44795396A88}.Debug|x86.ActiveCfg = Debug|Any CPU
		{97BB256B-7F07-4C4F-B631-B44795396A88}.Release|Any CPU.ActiveCfg = Release|Any CPU
		{97BB256B-7F07-4C4F-B631-B44795396A88}.Release|Any CPU.Build.0 = Release|Any CPU
		{97BB256B-7F07-4C4F-B631-B44795396A88}.Release|x64.ActiveCfg = Release|Any CPU
		{97BB256B-7F07-4C4F-B631-B44795396A88}.Release|x86.ActiveCfg = Release|Any CPU
		{C34A21CF-B363-4998-A4AD-CA59CF6A7D76}.Debug|Any CPU.ActiveCfg = Debug|Any CPU
		{C34A21CF-B363-4998-A4AD-CA59CF6A7D76}.Debug|Any CPU.Build.0 = Debug|Any CPU
		{C34A21CF-B363-4998-A4AD-CA59CF6A7D76}.Debug|x64.ActiveCfg = Debug|Any CPU
		{C34A21CF-B363-4998-A4AD-CA59CF6A7D76}.Debug|x86.ActiveCfg = Debug|Any CPU
		{C34A21CF-B363-4998-A4AD-CA59CF6A7D76}.Release|Any CPU.ActiveCfg = Release|Any CPU
		{C34A21CF-B363-4998-A4AD-CA59CF6A7D76}.Release|Any CPU.Build.0 = Release|Any CPU
		{C34A21CF-B363-4998-A4AD-CA59CF6A7D76}.Release|x64.ActiveCfg = Release|Any CPU
		{C34A21CF-B363-4998-A4AD-CA59CF6A7D76}.Release|x86.ActiveCfg = Release|Any CPU
		{A75C3C47-6B10-4A66-A9B8-7B015D231F9F}.Debug|Any CPU.ActiveCfg = Debug|Any CPU
		{A75C3C47-6B10-4A66-A9B8-7B015D231F9F}.Debug|Any CPU.Build.0 = Debug|Any CPU
		{A75C3C47-6B10-4A66-A9B8-7B015D231F9F}.Debug|x64.ActiveCfg = Debug|Any CPU
		{A75C3C47-6B10-4A66-A9B8-7B015D231F9F}.Debug|x86.ActiveCfg = Debug|Any CPU
		{A75C3C47-6B10-4A66-A9B8-7B015D231F9F}.Release|Any CPU.ActiveCfg = Release|Any CPU
		{A75C3C47-6B10-4A66-A9B8-7B015D231F9F}.Release|Any CPU.Build.0 = Release|Any CPU
		{A75C3C47-6B10-4A66-A9B8-7B015D231F9F}.Release|x64.ActiveCfg = Release|Any CPU
		{A75C3C47-6B10-4A66-A9B8-7B015D231F9F}.Release|x86.ActiveCfg = Release|Any CPU
		{DD65185A-F457-4144-B5FC-F058C7B5D44E}.Debug|Any CPU.ActiveCfg = Debug|Any CPU
		{DD65185A-F457-4144-B5FC-F058C7B5D44E}.Debug|Any CPU.Build.0 = Debug|Any CPU
		{DD65185A-F457-4144-B5FC-F058C7B5D44E}.Debug|x64.ActiveCfg = Debug|Any CPU
		{DD65185A-F457-4144-B5FC-F058C7B5D44E}.Debug|x86.ActiveCfg = Debug|Any CPU
		{DD65185A-F457-4144-B5FC-F058C7B5D44E}.Release|Any CPU.ActiveCfg = Release|Any CPU
		{DD65185A-F457-4144-B5FC-F058C7B5D44E}.Release|Any CPU.Build.0 = Release|Any CPU
		{DD65185A-F457-4144-B5FC-F058C7B5D44E}.Release|x64.ActiveCfg = Release|Any CPU
		{DD65185A-F457-4144-B5FC-F058C7B5D44E}.Release|x86.ActiveCfg = Release|Any CPU
		{6F9E06CC-2F0E-4580-9F18-7FD4DB38C2CE}.Debug|Any CPU.ActiveCfg = Debug|Any CPU
		{6F9E06CC-2F0E-4580-9F18-7FD4DB38C2CE}.Debug|Any CPU.Build.0 = Debug|Any CPU
		{6F9E06CC-2F0E-4580-9F18-7FD4DB38C2CE}.Debug|x64.ActiveCfg = Debug|Any CPU
		{6F9E06CC-2F0E-4580-9F18-7FD4DB38C2CE}.Debug|x86.ActiveCfg = Debug|Any CPU
		{6F9E06CC-2F0E-4580-9F18-7FD4DB38C2CE}.Release|Any CPU.ActiveCfg = Release|Any CPU
		{6F9E06CC-2F0E-4580-9F18-7FD4DB38C2CE}.Release|Any CPU.Build.0 = Release|Any CPU
		{6F9E06CC-2F0E-4580-9F18-7FD4DB38C2CE}.Release|x64.ActiveCfg = Release|Any CPU
		{6F9E06CC-2F0E-4580-9F18-7FD4DB38C2CE}.Release|x86.ActiveCfg = Release|Any CPU
		{439C2479-75CB-46B0-8095-23BF572BBB10}.Debug|Any CPU.ActiveCfg = Debug|Any CPU
		{439C2479-75CB-46B0-8095-23BF572BBB10}.Debug|Any CPU.Build.0 = Debug|Any CPU
		{439C2479-75CB-46B0-8095-23BF572BBB10}.Debug|x64.ActiveCfg = Debug|Any CPU
		{439C2479-75CB-46B0-8095-23BF572BBB10}.Debug|x86.ActiveCfg = Debug|Any CPU
		{439C2479-75CB-46B0-8095-23BF572BBB10}.Release|Any CPU.ActiveCfg = Release|Any CPU
		{439C2479-75CB-46B0-8095-23BF572BBB10}.Release|Any CPU.Build.0 = Release|Any CPU
		{439C2479-75CB-46B0-8095-23BF572BBB10}.Release|x64.ActiveCfg = Release|Any CPU
		{439C2479-75CB-46B0-8095-23BF572BBB10}.Release|x86.ActiveCfg = Release|Any CPU
		{91FB49AA-7895-4B75-9119-06AFE2502DC4}.Debug|Any CPU.ActiveCfg = Debug|Any CPU
		{91FB49AA-7895-4B75-9119-06AFE2502DC4}.Debug|Any CPU.Build.0 = Debug|Any CPU
		{91FB49AA-7895-4B75-9119-06AFE2502DC4}.Debug|x64.ActiveCfg = Debug|Any CPU
		{91FB49AA-7895-4B75-9119-06AFE2502DC4}.Debug|x86.ActiveCfg = Debug|Any CPU
		{91FB49AA-7895-4B75-9119-06AFE2502DC4}.Release|Any CPU.ActiveCfg = Release|Any CPU
		{91FB49AA-7895-4B75-9119-06AFE2502DC4}.Release|Any CPU.Build.0 = Release|Any CPU
		{91FB49AA-7895-4B75-9119-06AFE2502DC4}.Release|x64.ActiveCfg = Release|Any CPU
		{91FB49AA-7895-4B75-9119-06AFE2502DC4}.Release|x86.ActiveCfg = Release|Any CPU
		{F93BC47A-DFBD-4574-867B-FA45E8F343FF}.Debug|Any CPU.ActiveCfg = Debug|Any CPU
		{F93BC47A-DFBD-4574-867B-FA45E8F343FF}.Debug|Any CPU.Build.0 = Debug|Any CPU
		{F93BC47A-DFBD-4574-867B-FA45E8F343FF}.Debug|x64.ActiveCfg = Debug|Any CPU
		{F93BC47A-DFBD-4574-867B-FA45E8F343FF}.Debug|x86.ActiveCfg = Debug|Any CPU
		{F93BC47A-DFBD-4574-867B-FA45E8F343FF}.Release|Any CPU.ActiveCfg = Release|Any CPU
		{F93BC47A-DFBD-4574-867B-FA45E8F343FF}.Release|Any CPU.Build.0 = Release|Any CPU
		{F93BC47A-DFBD-4574-867B-FA45E8F343FF}.Release|x64.ActiveCfg = Release|Any CPU
		{F93BC47A-DFBD-4574-867B-FA45E8F343FF}.Release|x86.ActiveCfg = Release|Any CPU
		{F0C6E2D2-08D7-49E4-98B1-F2AF55529891}.Debug|Any CPU.ActiveCfg = Debug|Any CPU
		{F0C6E2D2-08D7-49E4-98B1-F2AF55529891}.Debug|Any CPU.Build.0 = Debug|Any CPU
		{F0C6E2D2-08D7-49E4-98B1-F2AF55529891}.Debug|x64.ActiveCfg = Debug|Any CPU
		{F0C6E2D2-08D7-49E4-98B1-F2AF55529891}.Debug|x86.ActiveCfg = Debug|Any CPU
		{F0C6E2D2-08D7-49E4-98B1-F2AF55529891}.Release|Any CPU.ActiveCfg = Release|Any CPU
		{F0C6E2D2-08D7-49E4-98B1-F2AF55529891}.Release|Any CPU.Build.0 = Release|Any CPU
		{F0C6E2D2-08D7-49E4-98B1-F2AF55529891}.Release|x64.ActiveCfg = Release|Any CPU
		{F0C6E2D2-08D7-49E4-98B1-F2AF55529891}.Release|x86.ActiveCfg = Release|Any CPU
		{74FF23A1-A92B-46B1-B0CC-C46168D91E3A}.Debug|Any CPU.ActiveCfg = Debug|Any CPU
		{74FF23A1-A92B-46B1-B0CC-C46168D91E3A}.Debug|Any CPU.Build.0 = Debug|Any CPU
		{74FF23A1-A92B-46B1-B0CC-C46168D91E3A}.Debug|x64.ActiveCfg = Debug|Any CPU
		{74FF23A1-A92B-46B1-B0CC-C46168D91E3A}.Debug|x86.ActiveCfg = Debug|Any CPU
		{74FF23A1-A92B-46B1-B0CC-C46168D91E3A}.Release|Any CPU.ActiveCfg = Release|Any CPU
		{74FF23A1-A92B-46B1-B0CC-C46168D91E3A}.Release|Any CPU.Build.0 = Release|Any CPU
		{74FF23A1-A92B-46B1-B0CC-C46168D91E3A}.Release|x64.ActiveCfg = Release|Any CPU
		{74FF23A1-A92B-46B1-B0CC-C46168D91E3A}.Release|x86.ActiveCfg = Release|Any CPU
		{A1FCDDA9-C53B-4FF8-ACFE-21B3453F4666}.Debug|Any CPU.ActiveCfg = Debug|Any CPU
		{A1FCDDA9-C53B-4FF8-ACFE-21B3453F4666}.Debug|Any CPU.Build.0 = Debug|Any CPU
		{A1FCDDA9-C53B-4FF8-ACFE-21B3453F4666}.Debug|x64.ActiveCfg = Debug|Any CPU
		{A1FCDDA9-C53B-4FF8-ACFE-21B3453F4666}.Debug|x86.ActiveCfg = Debug|Any CPU
		{A1FCDDA9-C53B-4FF8-ACFE-21B3453F4666}.Release|Any CPU.ActiveCfg = Release|Any CPU
		{A1FCDDA9-C53B-4FF8-ACFE-21B3453F4666}.Release|Any CPU.Build.0 = Release|Any CPU
		{A1FCDDA9-C53B-4FF8-ACFE-21B3453F4666}.Release|x64.ActiveCfg = Release|Any CPU
		{A1FCDDA9-C53B-4FF8-ACFE-21B3453F4666}.Release|x86.ActiveCfg = Release|Any CPU
		{C9AB1C14-961F-497E-A741-50621565559B}.Debug|Any CPU.ActiveCfg = Debug|Any CPU
		{C9AB1C14-961F-497E-A741-50621565559B}.Debug|Any CPU.Build.0 = Debug|Any CPU
		{C9AB1C14-961F-497E-A741-50621565559B}.Debug|x64.ActiveCfg = Debug|Any CPU
		{C9AB1C14-961F-497E-A741-50621565559B}.Debug|x86.ActiveCfg = Debug|Any CPU
		{C9AB1C14-961F-497E-A741-50621565559B}.Release|Any CPU.ActiveCfg = Release|Any CPU
		{C9AB1C14-961F-497E-A741-50621565559B}.Release|Any CPU.Build.0 = Release|Any CPU
		{C9AB1C14-961F-497E-A741-50621565559B}.Release|x64.ActiveCfg = Release|Any CPU
		{C9AB1C14-961F-497E-A741-50621565559B}.Release|x86.ActiveCfg = Release|Any CPU
		{6BA31D62-59E7-4841-920E-DCF65999DB5C}.Debug|Any CPU.ActiveCfg = Debug|Any CPU
		{6BA31D62-59E7-4841-920E-DCF65999DB5C}.Debug|Any CPU.Build.0 = Debug|Any CPU
		{6BA31D62-59E7-4841-920E-DCF65999DB5C}.Debug|x64.ActiveCfg = Debug|Any CPU
		{6BA31D62-59E7-4841-920E-DCF65999DB5C}.Debug|x64.Build.0 = Debug|Any CPU
		{6BA31D62-59E7-4841-920E-DCF65999DB5C}.Debug|x86.ActiveCfg = Debug|Any CPU
		{6BA31D62-59E7-4841-920E-DCF65999DB5C}.Debug|x86.Build.0 = Debug|Any CPU
		{6BA31D62-59E7-4841-920E-DCF65999DB5C}.Release|Any CPU.ActiveCfg = Release|Any CPU
		{6BA31D62-59E7-4841-920E-DCF65999DB5C}.Release|Any CPU.Build.0 = Release|Any CPU
		{6BA31D62-59E7-4841-920E-DCF65999DB5C}.Release|x64.ActiveCfg = Release|Any CPU
		{6BA31D62-59E7-4841-920E-DCF65999DB5C}.Release|x64.Build.0 = Release|Any CPU
		{6BA31D62-59E7-4841-920E-DCF65999DB5C}.Release|x86.ActiveCfg = Release|Any CPU
		{6BA31D62-59E7-4841-920E-DCF65999DB5C}.Release|x86.Build.0 = Release|Any CPU
		{F8518771-1BF6-41DA-93DC-02BCD55812B7}.Debug|Any CPU.ActiveCfg = Debug|Any CPU
		{F8518771-1BF6-41DA-93DC-02BCD55812B7}.Debug|Any CPU.Build.0 = Debug|Any CPU
		{F8518771-1BF6-41DA-93DC-02BCD55812B7}.Debug|x64.ActiveCfg = Debug|Any CPU
		{F8518771-1BF6-41DA-93DC-02BCD55812B7}.Debug|x86.ActiveCfg = Debug|Any CPU
		{F8518771-1BF6-41DA-93DC-02BCD55812B7}.Release|Any CPU.ActiveCfg = Release|Any CPU
		{F8518771-1BF6-41DA-93DC-02BCD55812B7}.Release|Any CPU.Build.0 = Release|Any CPU
		{F8518771-1BF6-41DA-93DC-02BCD55812B7}.Release|x64.ActiveCfg = Release|Any CPU
		{F8518771-1BF6-41DA-93DC-02BCD55812B7}.Release|x86.ActiveCfg = Release|Any CPU
		{6D7EBB38-7332-4757-906E-0B9E885A94C2}.Debug|Any CPU.ActiveCfg = Debug|Any CPU
		{6D7EBB38-7332-4757-906E-0B9E885A94C2}.Debug|Any CPU.Build.0 = Debug|Any CPU
		{6D7EBB38-7332-4757-906E-0B9E885A94C2}.Debug|x64.ActiveCfg = Debug|Any CPU
		{6D7EBB38-7332-4757-906E-0B9E885A94C2}.Debug|x64.Build.0 = Debug|Any CPU
		{6D7EBB38-7332-4757-906E-0B9E885A94C2}.Debug|x86.ActiveCfg = Debug|Any CPU
		{6D7EBB38-7332-4757-906E-0B9E885A94C2}.Debug|x86.Build.0 = Debug|Any CPU
		{6D7EBB38-7332-4757-906E-0B9E885A94C2}.Release|Any CPU.ActiveCfg = Release|Any CPU
		{6D7EBB38-7332-4757-906E-0B9E885A94C2}.Release|Any CPU.Build.0 = Release|Any CPU
		{6D7EBB38-7332-4757-906E-0B9E885A94C2}.Release|x64.ActiveCfg = Release|Any CPU
		{6D7EBB38-7332-4757-906E-0B9E885A94C2}.Release|x64.Build.0 = Release|Any CPU
		{6D7EBB38-7332-4757-906E-0B9E885A94C2}.Release|x86.ActiveCfg = Release|Any CPU
		{6D7EBB38-7332-4757-906E-0B9E885A94C2}.Release|x86.Build.0 = Release|Any CPU
		{2F53D1F7-77AF-4B8A-A57A-84C6551A93D0}.Debug|Any CPU.ActiveCfg = Debug|Any CPU
		{2F53D1F7-77AF-4B8A-A57A-84C6551A93D0}.Debug|Any CPU.Build.0 = Debug|Any CPU
		{2F53D1F7-77AF-4B8A-A57A-84C6551A93D0}.Debug|x64.ActiveCfg = Debug|Any CPU
		{2F53D1F7-77AF-4B8A-A57A-84C6551A93D0}.Debug|x64.Build.0 = Debug|Any CPU
		{2F53D1F7-77AF-4B8A-A57A-84C6551A93D0}.Debug|x86.ActiveCfg = Debug|Any CPU
		{2F53D1F7-77AF-4B8A-A57A-84C6551A93D0}.Debug|x86.Build.0 = Debug|Any CPU
		{2F53D1F7-77AF-4B8A-A57A-84C6551A93D0}.Release|Any CPU.ActiveCfg = Release|Any CPU
		{2F53D1F7-77AF-4B8A-A57A-84C6551A93D0}.Release|Any CPU.Build.0 = Release|Any CPU
		{2F53D1F7-77AF-4B8A-A57A-84C6551A93D0}.Release|x64.ActiveCfg = Release|Any CPU
		{2F53D1F7-77AF-4B8A-A57A-84C6551A93D0}.Release|x64.Build.0 = Release|Any CPU
		{2F53D1F7-77AF-4B8A-A57A-84C6551A93D0}.Release|x86.ActiveCfg = Release|Any CPU
		{2F53D1F7-77AF-4B8A-A57A-84C6551A93D0}.Release|x86.Build.0 = Release|Any CPU
		{A801AD8A-E1BF-4614-8565-99CF6082327A}.Debug|Any CPU.ActiveCfg = Debug|Any CPU
		{A801AD8A-E1BF-4614-8565-99CF6082327A}.Debug|Any CPU.Build.0 = Debug|Any CPU
		{A801AD8A-E1BF-4614-8565-99CF6082327A}.Debug|x64.ActiveCfg = Debug|Any CPU
		{A801AD8A-E1BF-4614-8565-99CF6082327A}.Debug|x64.Build.0 = Debug|Any CPU
		{A801AD8A-E1BF-4614-8565-99CF6082327A}.Debug|x86.ActiveCfg = Debug|Any CPU
		{A801AD8A-E1BF-4614-8565-99CF6082327A}.Debug|x86.Build.0 = Debug|Any CPU
		{A801AD8A-E1BF-4614-8565-99CF6082327A}.Release|Any CPU.ActiveCfg = Release|Any CPU
		{A801AD8A-E1BF-4614-8565-99CF6082327A}.Release|Any CPU.Build.0 = Release|Any CPU
		{A801AD8A-E1BF-4614-8565-99CF6082327A}.Release|x64.ActiveCfg = Release|Any CPU
		{A801AD8A-E1BF-4614-8565-99CF6082327A}.Release|x64.Build.0 = Release|Any CPU
		{A801AD8A-E1BF-4614-8565-99CF6082327A}.Release|x86.ActiveCfg = Release|Any CPU
		{A801AD8A-E1BF-4614-8565-99CF6082327A}.Release|x86.Build.0 = Release|Any CPU
	EndGlobalSection
	GlobalSection(SolutionProperties) = preSolution
		HideSolutionNode = FALSE
	EndGlobalSection
	GlobalSection(NestedProjects) = preSolution
		{CB9C9574-D09A-4BCE-B50E-C3A662BC0EC9} = {D4D50E4F-BA7C-4A64-A536-DD83B06BF590}
		{A2E671B3-8015-43FC-A440-30B7FE494A49} = {6811F5E3-1D5C-447A-A4B3-B6AA64A8F45D}
		{27E98EAA-4AAF-4911-842B-688B21A76F14} = {D4D50E4F-BA7C-4A64-A536-DD83B06BF590}
		{439C2479-75CB-46B0-8095-23BF572BBB10} = {6811F5E3-1D5C-447A-A4B3-B6AA64A8F45D}
		{F93BC47A-DFBD-4574-867B-FA45E8F343FF} = {6811F5E3-1D5C-447A-A4B3-B6AA64A8F45D}
		{F0C6E2D2-08D7-49E4-98B1-F2AF55529891} = {6811F5E3-1D5C-447A-A4B3-B6AA64A8F45D}
		{74FF23A1-A92B-46B1-B0CC-C46168D91E3A} = {6811F5E3-1D5C-447A-A4B3-B6AA64A8F45D}
		{A1FCDDA9-C53B-4FF8-ACFE-21B3453F4666} = {B8E03ED7-750D-4798-9710-93538C20F42A}
		{B8E03ED7-750D-4798-9710-93538C20F42A} = {6811F5E3-1D5C-447A-A4B3-B6AA64A8F45D}
		{C9AB1C14-961F-497E-A741-50621565559B} = {B8E03ED7-750D-4798-9710-93538C20F42A}
	EndGlobalSection
EndGlobal
